
Microsoft Visual Studio Solution File, Format Version 12.00
# Visual Studio Version 16
VisualStudioVersion = 16.0.30503.244
MinimumVisualStudioVersion = 10.0.40219.1
Project("{FAE04EC0-301F-11D3-BF4B-00C04F79EFBC}") = "BookStore-API", "BookStore-API\BookStore-API.csproj", "{616A5A6D-885D-4647-8A70-77A81B670ADF}"
EndProject
Global
	GlobalSection(SolutionConfigurationPlatforms) = preSolution
		Debug|Any CPU = Debug|Any CPU
		Release|Any CPU = Release|Any CPU
	EndGlobalSection
	GlobalSection(ProjectConfigurationPlatforms) = postSolution
		{616A5A6D-885D-4647-8A70-77A81B670ADF}.Debug|Any CPU.ActiveCfg = Debug|Any CPU
		{616A5A6D-885D-4647-8A70-77A81B670ADF}.Debug|Any CPU.Build.0 = Debug|Any CPU
		{616A5A6D-885D-4647-8A70-77A81B670ADF}.Release|Any CPU.ActiveCfg = Release|Any CPU
		{616A5A6D-885D-4647-8A70-77A81B670ADF}.Release|Any CPU.Build.0 = Release|Any CPU
	EndGlobalSection
	GlobalSection(SolutionProperties) = preSolution
		HideSolutionNode = FALSE
	EndGlobalSection
	GlobalSection(ExtensibilityGlobals) = postSolution
		SolutionGuid = {34EAB5EB-D339-48D9-9D62-950C1F11CA13}
	EndGlobalSection
EndGlobal
